PODS:
  - ChartboostSDK (9.14.2)
  - Google-Mobile-Ads-SDK (13.10.0):
    - GoogleUserMessagingPlatform (>= 1.1)
  - GoogleMobileAdsMediationChartboost (9.14.2.0):
    - ChartboostSDK (= 9.14.2)
    - Google-Mobile-Ads-SDK (~> 13.3)
  - GoogleMobileAdsMediationInMobi (11.4.1.0):
    - Google-Mobile-Ads-SDK (~> 13.3)
    - InMobiSDK (= 11.4.1)
  - GoogleMobileAdsMediationVungle (7.7.7.0):
    - Google-Mobile-Ads-SDK (~> 13.3)
    - VungleAds (= 7.7.7)
  - GoogleUserMessagingPlatform (3.1.0)
  - InMobiSDK (11.4.1)
  - VungleAds (7.7.7)

DEPENDENCIES:
  - ChartboostSDK
  - GoogleMobileAdsMediationChartboost
  - GoogleMobileAdsMediationInMobi
  - GoogleMobileAdsMediationVungle

SPEC REPOS:
  trunk:
    - ChartboostSDK
    - Google-Mobile-Ads-SDK
    - GoogleMobileAdsMediationChartboost
    - GoogleMobileAdsMediationInMobi
    - GoogleMobileAdsMediationVungle
    - GoogleUserMessagingPlatform
    - InMobiSDK
    - VungleAds

SPEC CHECKSUMS:
  ChartboostSDK: a0a62eeaf756b7315ed53608eb21dcb41c6dcd36
  Google-Mobile-Ads-SDK: 8e764c4990ef82c2727fd32e0c4143817b443603
  GoogleMobileAdsMediationChartboost: 205e27102dcdeb7343771a0e618369b144de833d
  GoogleMobileAdsMediationInMobi: 104b8fb019771c870e6f6ecc3e949eb4054d6843
  GoogleMobileAdsMediationVungle: 06d54366214d5cab1d16acd3783cc28640837ee7
  GoogleUserMessagingPlatform: befe603da6501006420c206222acd449bba45a9c
  InMobiSDK: 45b8b7e2af6e241b028b94c63b3d1d6113a12945
  VungleAds: eb9e96673ce5699a38458e61ee70a997228af88a

PODFILE CHECKSUM: 18e0af828ef69db809be141518ddfc874b9f64de

COCOAPODS: 1.16.2
